
Microsoft Visual Studio Solution File, Format Version 12.00
# Visual Studio Version 17
VisualStudioVersion = 17.1.32319.34
MinimumVisualStudioVersion = 10.0.40219.1
Project("{FAE04EC0-301F-11D3-BF4B-00C04F79EFBC}") = "AspnetMVCCoreApiTanisma_Api", "AspnetMVCCoreApiTanisma_Api\AspnetMVCCoreApiTanisma_Api.csproj", "{B7B7D140-79D1-452B-B89A-F54B6390B788}"
EndProject
Global
	GlobalSection(SolutionConfigurationPlatforms) = preSolution
		Debug|Any CPU = Debug|Any CPU
		Release|Any CPU = Release|Any CPU
	EndGlobalSection
	GlobalSection(ProjectConfigurationPlatforms) = postSolution
		{B7B7D140-79D1-452B-B89A-F54B6390B788}.Debug|Any CPU.ActiveCfg = Debug|Any CPU
		{B7B7D140-79D1-452B-B89A-F54B6390B788}.Debug|Any CPU.Build.0 = Debug|Any CPU
		{B7B7D140-79D1-452B-B89A-F54B6390B788}.Release|Any CPU.ActiveCfg = Release|Any CPU
		{B7B7D140-79D1-452B-B89A-F54B6390B788}.Release|Any CPU.Build.0 = Release|Any CPU
	EndGlobalSection
	GlobalSection(SolutionProperties) = preSolution
		HideSolutionNode = FALSE
	EndGlobalSection
	GlobalSection(ExtensibilityGlobals) = postSolution
		SolutionGuid = {8443F530-9CD5-4021-AC80-7D4F6EB14AC2}
	EndGlobalSection
EndGlobal
